// !$*UTF8*$!
{
	archiveVersion = 1;
	classes = {
	};
	objectVersion = 56;
	objects = {

/* Begin PBXBuildFile section */
		6C28F2E32A0627790096E4CF /* ToDoListApp.swift in Sources */ = {isa = PBXBuildFile; fileRef = 6C28F2E22A0627790096E4CF /* ToDoListApp.swift */; };
		6C28F2E52A0627790096E4CF /* MainView.swift in Sources */ = {isa = PBXBuildFile; fileRef = 6C28F2E42A0627790096E4CF /* MainView.swift */; };
		6C28F2E72A06277B0096E4CF /* Assets.xcassets in Resources */ = {isa = PBXBuildFile; fileRef = 6C28F2E62A06277B0096E4CF /* Assets.xcassets */; };
		6C28F2EA2A06277B0096E4CF /* Preview Assets.xcassets in Resources */ = {isa = PBXBuildFile; fileRef = 6C28F2E92A06277B0096E4CF /* Preview Assets.xcassets */; };
		6C28F2F22A0629440096E4CF /* FirebaseAuth in Frameworks */ = {isa = PBXBuildFile; productRef = 6C28F2F12A0629440096E4CF /* FirebaseAuth */; };
		6C28F2F42A0629440096E4CF /* FirebaseFirestore in Frameworks */ = {isa = PBXBuildFile; productRef = 6C28F2F32A0629440096E4CF /* FirebaseFirestore */; };
		6C28F2F62A0629440096E4CF /* FirebaseFirestoreSwift in Frameworks */ = {isa = PBXBuildFile; productRef = 6C28F2F52A0629440096E4CF /* FirebaseFirestoreSwift */; };
		6C28F2F82A062A5B0096E4CF /* GoogleService-Info.plist in Resources */ = {isa = PBXBuildFile; fileRef = 6C28F2F72A062A5A0096E4CF /* GoogleService-Info.plist */; };
		6C28F2FF2A062F810096E4CF /* ProfileView.swift in Sources */ = {isa = PBXBuildFile; fileRef = 6C28F2FE2A062F810096E4CF /* ProfileView.swift */; };
		6C28F3012A062F940096E4CF /* ToDoListView.swift in Sources */ = {isa = PBXBuildFile; fileRef = 6C28F3002A062F940096E4CF /* ToDoListView.swift */; };
		6C28F3032A062F9E0096E4CF /* NewItemView.swift in Sources */ = {isa = PBXBuildFile; fileRef = 6C28F3022A062F9E0096E4CF /* NewItemView.swift */; };
		6C28F3052A062FAE0096E4CF /* LoginView.swift in Sources */ = {isa = PBXBuildFile; fileRef = 6C28F3042A062FAE0096E4CF /* LoginView.swift */; };
		6C28F3072A062FB80096E4CF /* RegisterView.swift in Sources */ = {isa = PBXBuildFile; fileRef = 6C28F3062A062FB80096E4CF /* RegisterView.swift */; };
		6C28F3092A06302E0096E4CF /* ToDoListItemView.swift in Sources */ = {isa = PBXBuildFile; fileRef = 6C28F3082A06302E0096E4CF /* ToDoListItemView.swift */; };
		6C28F30B2A0630E70096E4CF /* User.swift in Sources */ = {isa = PBXBuildFile; fileRef = 6C28F30A2A0630E70096E4CF /* User.swift */; };
		6C28F30D2A0630FB0096E4CF /* ToDoListItem.swift in Sources */ = {isa = PBXBuildFile; fileRef = 6C28F30C2A0630FB0096E4CF /* ToDoListItem.swift */; };
		6C28F30F2A06311B0096E4CF /* MainViewModel.swift in Sources */ = {isa = PBXBuildFile; fileRef = 6C28F30E2A06311B0096E4CF /* MainViewModel.swift */; };
		6C28F3112A0631250096E4CF /* ProfileViewModel.swift in Sources */ = {isa = PBXBuildFile; fileRef = 6C28F3102A0631250096E4CF /* ProfileViewModel.swift */; };
		6C28F3132A06312F0096E4CF /* ToDoListViewModel.swift in Sources */ = {isa = PBXBuildFile; fileRef = 6C28F3122A06312F0096E4CF /* ToDoListViewModel.swift */; };
		6C28F3152A06313D0096E4CF /* NewItemViewModel.swift in Sources */ = {isa = PBXBuildFile; fileRef = 6C28F3142A06313D0096E4CF /* NewItemViewModel.swift */; };
		6C28F3172A0631480096E4CF /* LoginViewModel.swift in Sources */ = {isa = PBXBuildFile; fileRef = 6C28F3162A0631480096E4CF /* LoginViewModel.swift */; };
		6C28F3192A0631530096E4CF /* RegisterViewModel.swift in Sources */ = {isa = PBXBuildFile; fileRef = 6C28F3182A0631530096E4CF /* RegisterViewModel.swift */; };
		6C28F31B2A06315D0096E4CF /* ToDoItemViewModel.swift in Sources */ = {isa = PBXBuildFile; fileRef = 6C28F31A2A06315D0096E4CF /* ToDoItemViewModel.swift */; };
		6C28F31D2A06341A0096E4CF /* HeaderView.swift in Sources */ = {isa = PBXBuildFile; fileRef = 6C28F31C2A06341A0096E4CF /* HeaderView.swift */; };
		6C28F31F2A063B050096E4CF /* TLButton.swift in Sources */ = {isa = PBXBuildFile; fileRef = 6C28F31E2A063B050096E4CF /* TLButton.swift */; };
		6CA311D42A0CE27D00F5DB6A /* Extensions.swift in Sources */ = {isa = PBXBuildFile; fileRef = 6CA311D32A0CE27D00F5DB6A /* Extensions.swift */; };
/* End PBXBuildFile section */

/* Begin PBXFileReference section */
		6C28F2DF2A0627790096E4CF /* ToDoList.app */ = {isa = PBXFileReference; explicitFileType = wrapper.application; includeInIndex = 0; path = ToDoList.app; sourceTree = BUILT_PRODUCTS_DIR; };
		6C28F2E22A0627790096E4CF /* ToDoListApp.swift */ = {isa = PBXFileReference; lastKnownFileType = sourcecode.swift; path = ToDoListApp.swift; sourceTree = "<group>"; };
		6C28F2E42A0627790096E4CF /* MainView.swift */ = {isa = PBXFileReference; lastKnownFileType = sourcecode.swift; path = MainView.swift; sourceTree = "<group>"; };
		6C28F2E62A06277B0096E4CF /* Assets.xcassets */ = {isa = PBXFileReference; lastKnownFileType = folder.assetcatalog; path = Assets.xcassets; sourceTree = "<group>"; };
		6C28F2E92A06277B0096E4CF /* Preview Assets.xcassets */ = {isa = PBXFileReference; lastKnownFileType = folder.assetcatalog; path = "Preview Assets.xcassets"; sourceTree = "<group>"; };
		6C28F2F72A062A5A0096E4CF /* GoogleService-Info.plist */ = {isa = PBXFileReference; fileEncoding = 4; lastKnownFileType = text.plist.xml; path = "GoogleService-Info.plist"; sourceTree = "<group>"; };
		6C28F2FE2A062F810096E4CF /* ProfileView.swift */ = {isa = PBXFileReference; lastKnownFileType = sourcecode.swift; path = ProfileView.swift; sourceTree = "<group>"; };
		6C28F3002A062F940096E4CF /* ToDoListView.swift */ = {isa = PBXFileReference; lastKnownFileType = sourcecode.swift; path = ToDoListView.swift; sourceTree = "<group>"; };
		6C28F3022A062F9E0096E4CF /* NewItemView.swift */ = {isa = PBXFileReference; lastKnownFileType = sourcecode.swift; path = NewItemView.swift; sourceTree = "<group>"; };
		6C28F3042A062FAE0096E4CF /* LoginView.swift */ = {isa = PBXFileReference; lastKnownFileType = sourcecode.swift; path = LoginView.swift; sourceTree = "<group>"; };
		6C28F3062A062FB80096E4CF /* RegisterView.swift */ = {isa = PBXFileReference; lastKnownFileType = sourcecode.swift; path = RegisterView.swift; sourceTree = "<group>"; };
		6C28F3082A06302E0096E4CF /* ToDoListItemView.swift */ = {isa = PBXFileReference; lastKnownFileType = sourcecode.swift; path = ToDoListItemView.swift; sourceTree = "<group>"; };
		6C28F30A2A0630E70096E4CF /* User.swift */ = {isa = PBXFileReference; lastKnownFileType = sourcecode.swift; path = User.swift; sourceTree = "<group>"; };
		6C28F30C2A0630FB0096E4CF /* ToDoListItem.swift */ = {isa = PBXFileReference; lastKnownFileType = sourcecode.swift; path = ToDoListItem.swift; sourceTree = "<group>"; };
		6C28F30E2A06311B0096E4CF /* MainViewModel.swift */ = {isa = PBXFileReference; lastKnownFileType = sourcecode.swift; path = MainViewModel.swift; sourceTree = "<group>"; };
		6C28F3102A0631250096E4CF /* ProfileViewModel.swift */ = {isa = PBXFileReference; lastKnownFileType = sourcecode.swift; path = ProfileViewModel.swift; sourceTree = "<group>"; };
		6C28F3122A06312F0096E4CF /* ToDoListViewModel.swift */ = {isa = PBXFileReference; lastKnownFileType = sourcecode.swift; path = ToDoListViewModel.swift; sourceTree = "<group>"; };
		6C28F3142A06313D0096E4CF /* NewItemViewModel.swift */ = {isa = PBXFileReference; lastKnownFileType = sourcecode.swift; path = NewItemViewModel.swift; sourceTree = "<group>"; };
		6C28F3162A0631480096E4CF /* LoginViewModel.swift */ = {isa = PBXFileReference; lastKnownFileType = sourcecode.swift; path = LoginViewModel.swift; sourceTree = "<group>"; };
		6C28F3182A0631530096E4CF /* RegisterViewModel.swift */ = {isa = PBXFileReference; lastKnownFileType = sourcecode.swift; path = RegisterViewModel.swift; sourceTree = "<group>"; };
		6C28F31A2A06315D0096E4CF /* ToDoItemViewModel.swift */ = {isa = PBXFileReference; lastKnownFileType = sourcecode.swift; path = ToDoItemViewModel.swift; sourceTree = "<group>"; };
		6C28F31C2A06341A0096E4CF /* HeaderView.swift */ = {isa = PBXFileReference; lastKnownFileType = sourcecode.swift; path = HeaderView.swift; sourceTree = "<group>"; };
		6C28F31E2A063B050096E4CF /* TLButton.swift */ = {isa = PBXFileReference; lastKnownFileType = sourcecode.swift; path = TLButton.swift; sourceTree = "<group>"; };
		6CA311D32A0CE27D00F5DB6A /* Extensions.swift */ = {isa = PBXFileReference; lastKnownFileType = sourcecode.swift; path = Extensions.swift; sourceTree = "<group>"; };
/* End PBXFileReference section */

/* Begin PBXFrameworksBuildPhase section */
		6C28F2DC2A0627790096E4CF /* Frameworks */ = {
			isa = PBXFrameworksBuildPhase;
			buildActionMask = 2147483647;
			files = (
				6C28F2F22A0629440096E4CF /* FirebaseAuth in Frameworks */,
				6C28F2F42A0629440096E4CF /* FirebaseFirestore in Frameworks */,
				6C28F2F62A0629440096E4CF /* FirebaseFirestoreSwift in Frameworks */,
			);
			runOnlyForDeploymentPostprocessing = 0;
		};
/* End PBXFrameworksBuildPhase section */

/* Begin PBXGroup section */
		6C28F2D62A0627790096E4CF = {
			isa = PBXGroup;
			children = (
				6C28F2E12A0627790096E4CF /* ToDoList */,
				6C28F2E02A0627790096E4CF /* Products */,
			);
			sourceTree = "<group>";
		};
		6C28F2E02A0627790096E4CF /* Products */ = {
			isa = PBXGroup;
			children = (
				6C28F2DF2A0627790096E4CF /* ToDoList.app */,
			);
			name = Products;
			sourceTree = "<group>";
		};
		6C28F2E12A0627790096E4CF /* ToDoList */ = {
			isa = PBXGroup;
			children = (
				6C28F2FD2A062D890096E4CF /* Other */,
				6C28F2FC2A062D740096E4CF /* Models */,
				6C28F2FA2A062D600096E4CF /* ViewModels */,
				6C28F2F92A062D570096E4CF /* Views */,
				6C28F2E82A06277B0096E4CF /* Preview Content */,
			);
			path = ToDoList;
			sourceTree = "<group>";
		};
		6C28F2E82A06277B0096E4CF /* Preview Content */ = {
			isa = PBXGroup;
			children = (
				6C28F2E92A06277B0096E4CF /* Preview Assets.xcassets */,
			);
			path = "Preview Content";
			sourceTree = "<group>";
		};
		6C28F2F92A062D570096E4CF /* Views */ = {
			isa = PBXGroup;
			children = (
				6C28F2E42A0627790096E4CF /* MainView.swift */,
				6C28F2FE2A062F810096E4CF /* ProfileView.swift */,
				6C28F3002A062F940096E4CF /* ToDoListView.swift */,
				6C28F3022A062F9E0096E4CF /* NewItemView.swift */,
				6C28F3042A062FAE0096E4CF /* LoginView.swift */,
				6C28F3062A062FB80096E4CF /* RegisterView.swift */,
				6C28F3082A06302E0096E4CF /* ToDoListItemView.swift */,
				6C28F31C2A06341A0096E4CF /* HeaderView.swift */,
				6C28F31E2A063B050096E4CF /* TLButton.swift */,
			);
			path = Views;
			sourceTree = "<group>";
		};
		6C28F2FA2A062D600096E4CF /* ViewModels */ = {
			isa = PBXGroup;
			children = (
				6C28F30E2A06311B0096E4CF /* MainViewModel.swift */,
				6C28F3122A06312F0096E4CF /* ToDoListViewModel.swift */,
				6C28F3102A0631250096E4CF /* ProfileViewModel.swift */,
				6C28F3142A06313D0096E4CF /* NewItemViewModel.swift */,
				6C28F3162A0631480096E4CF /* LoginViewModel.swift */,
				6C28F3182A0631530096E4CF /* RegisterViewModel.swift */,
				6C28F31A2A06315D0096E4CF /* ToDoItemViewModel.swift */,
			);
			path = ViewModels;
			sourceTree = "<group>";
		};
		6C28F2FC2A062D740096E4CF /* Models */ = {
			isa = PBXGroup;
			children = (
				6C28F30A2A0630E70096E4CF /* User.swift */,
				6C28F30C2A0630FB0096E4CF /* ToDoListItem.swift */,
			);
			path = Models;
			sourceTree = "<group>";
		};
		6C28F2FD2A062D890096E4CF /* Other */ = {
			isa = PBXGroup;
			children = (
				6C28F2E22A0627790096E4CF /* ToDoListApp.swift */,
				6C28F2E62A06277B0096E4CF /* Assets.xcassets */,
				6C28F2F72A062A5A0096E4CF /* GoogleService-Info.plist */,
				6CA311D32A0CE27D00F5DB6A /* Extensions.swift */,
			);
			path = Other;
			sourceTree = "<group>";
		};
/* End PBXGroup section */

/* Begin PBXNativeTarget section */
		6C28F2DE2A0627790096E4CF /* ToDoList */ = {
			isa = PBXNativeTarget;
			buildConfigurationList = 6C28F2ED2A06277B0096E4CF /* Build configuration list for PBXNativeTarget "ToDoList" */;
			buildPhases = (
				6C28F2DB2A0627790096E4CF /* Sources */,
				6C28F2DC2A0627790096E4CF /* Frameworks */,
				6C28F2DD2A0627790096E4CF /* Resources */,
			);
			buildRules = (
			);
			dependencies = (
			);
			name = ToDoList;
			packageProductDependencies = (
				6C28F2F12A0629440096E4CF /* FirebaseAuth */,
				6C28F2F32A0629440096E4CF /* FirebaseFirestore */,
				6C28F2F52A0629440096E4CF /* FirebaseFirestoreSwift */,
			);
			productName = ToDoList;
			productReference = 6C28F2DF2A0627790096E4CF /* ToDoList.app */;
			productType = "com.apple.product-type.application";
		};
/* End PBXNativeTarget section */

/* Begin PBXProject section */
		6C28F2D72A0627790096E4CF /* Project object */ = {
			isa = PBXProject;
			attributes = {
				BuildIndependentTargetsInParallel = 1;
				LastSwiftUpdateCheck = 1430;
				LastUpgradeCheck = 1430;
				TargetAttributes = {
					6C28F2DE2A0627790096E4CF = {
						CreatedOnToolsVersion = 14.3;
					};
				};
			};
			buildConfigurationList = 6C28F2DA2A0627790096E4CF /* Build configuration list for PBXProject "ToDoList" */;
			compatibilityVersion = "Xcode 14.0";
			developmentRegion = en;
			hasScannedForEncodings = 0;
			knownRegions = (
				en,
				Base,
			);
			mainGroup = 6C28F2D62A0627790096E4CF;
			packageReferences = (
				6C28F2F02A0629440096E4CF /* XCRemoteSwiftPackageReference "firebase-ios-sdk" */,
			);
			productRefGroup = 6C28F2E02A0627790096E4CF /* Products */;
			projectDirPath = "";
			projectRoot = "";
			targets = (
				6C28F2DE2A0627790096E4CF /* ToDoList */,
			);
		};
/* End PBXProject section */

/* Begin PBXResourcesBuildPhase section */
		6C28F2DD2A0627790096E4CF /* Resources */ = {
			isa = PBXResourcesBuildPhase;
			buildActionMask = 2147483647;
			files = (
				6C28F2EA2A06277B0096E4CF /* Preview Assets.xcassets in Resources */,
				6C28F2E72A06277B0096E4CF /* Assets.xcassets in Resources */,
				6C28F2F82A062A5B0096E4CF /* GoogleService-Info.plist in Resources */,
			);
			runOnlyForDeploymentPostprocessing = 0;
		};
/* End PBXResourcesBuildPhase section */

/* Begin PBXSourcesBuildPhase section */
		6C28F2DB2A0627790096E4CF /* Sources */ = {
			isa = PBXSourcesBuildPhase;
			buildActionMask = 2147483647;
			files = (
				6C28F3052A062FAE0096E4CF /* LoginView.swift in Sources */,
				6C28F31D2A06341A0096E4CF /* HeaderView.swift in Sources */,
				6C28F2E52A0627790096E4CF /* MainView.swift in Sources */,
				6C28F3012A062F940096E4CF /* ToDoListView.swift in Sources */,
				6C28F3192A0631530096E4CF /* RegisterViewModel.swift in Sources */,
				6C28F3072A062FB80096E4CF /* RegisterView.swift in Sources */,
				6C28F2FF2A062F810096E4CF /* ProfileView.swift in Sources */,
				6C28F31F2A063B050096E4CF /* TLButton.swift in Sources */,
				6C28F30B2A0630E70096E4CF /* User.swift in Sources */,
				6C28F3112A0631250096E4CF /* ProfileViewModel.swift in Sources */,
				6C28F3092A06302E0096E4CF /* ToDoListItemView.swift in Sources */,
				6C28F31B2A06315D0096E4CF /* ToDoItemViewModel.swift in Sources */,
				6C28F3172A0631480096E4CF /* LoginViewModel.swift in Sources */,
				6C28F3152A06313D0096E4CF /* NewItemViewModel.swift in Sources */,
				6C28F2E32A0627790096E4CF /* ToDoListApp.swift in Sources */,
				6CA311D42A0CE27D00F5DB6A /* Extensions.swift in Sources */,
				6C28F30D2A0630FB0096E4CF /* ToDoListItem.swift in Sources */,
				6C28F3132A06312F0096E4CF /* ToDoListViewModel.swift in Sources */,
				6C28F3032A062F9E0096E4CF /* NewItemView.swift in Sources */,
				6C28F30F2A06311B0096E4CF /* MainViewModel.swift in Sources */,
			);
			runOnlyForDeploymentPostprocessing = 0;
		};
/* End PBXSourcesBuildPhase section */

/* Begin XCBuildConfiguration section */
		6C28F2EB2A06277B0096E4CF /* Debug */ = {
			isa = XCBuildConfiguration;
			buildSettings = {
				ALWAYS_SEARCH_USER_PATHS = NO;
				CLANG_ANALYZER_NONNULL = YES;
				CLANG_ANALYZER_NUMBER_OBJECT_CONVERSION = YES_AGGRESSIVE;
				CLANG_CXX_LANGUAGE_STANDARD = "gnu++20";
				CLANG_ENABLE_MODULES = YES;
				CLANG_ENABLE_OBJC_ARC = YES;
				CLANG_ENABLE_OBJC_WEAK = YES;
				CLANG_WARN_BLOCK_CAPTURE_AUTORELEASING = YES;
				CLANG_WARN_BOOL_CONVERSION = YES;
				CLANG_WARN_COMMA = YES;
				CLANG_WARN_CONSTANT_CONVERSION = YES;
				CLANG_WARN_DEPRECATED_OBJC_IMPLEMENTATIONS = YES;
				CLANG_WARN_DIRECT_OBJC_ISA_USAGE = YES_ERROR;
				CLANG_WARN_DOCUMENTATION_COMMENTS = YES;
				CLANG_WARN_EMPTY_BODY = YES;
				CLANG_WARN_ENUM_CONVERSION = YES;
				CLANG_WARN_INFINITE_RECURSION = YES;
				CLANG_WARN_INT_CONVERSION = YES;
				CLANG_WARN_NON_LITERAL_NULL_CONVERSION = YES;
				CLANG_WARN_OBJC_IMPLICIT_RETAIN_SELF = YES;
				CLANG_WARN_OBJC_LITERAL_CONVERSION = YES;
				CLANG_WARN_OBJC_ROOT_CLASS = YES_ERROR;
				CLANG_WARN_QUOTED_INCLUDE_IN_FRAMEWORK_HEADER = YES;
				CLANG_WARN_RANGE_LOOP_ANALYSIS = YES;
				CLANG_WARN_STRICT_PROTOTYPES = YES;
				CLANG_WARN_SUSPICIOUS_MOVE = YES;
				CLANG_WARN_UNGUARDED_AVAILABILITY = YES_AGGRESSIVE;
				CLANG_WARN_UNREACHABLE_CODE = YES;
				CLANG_WARN__DUPLICATE_METHOD_MATCH = YES;
				COPY_PHASE_STRIP = NO;
				DEBUG_INFORMATION_FORMAT = dwarf;
				ENABLE_STRICT_OBJC_MSGSEND = YES;
				ENABLE_TESTABILITY = YES;
				GCC_C_LANGUAGE_STANDARD = gnu11;
				GCC_DYNAMIC_NO_PIC = NO;
				GCC_NO_COMMON_BLOCKS = YES;
				GCC_OPTIMIZATION_LEVEL = 0;
				GCC_PREPROCESSOR_DEFINITIONS = (
					"DEBUG=1",
					"$(inherited)",
				);
				GCC_WARN_64_TO_32_BIT_CONVERSION = YES;
				GCC_WARN_ABOUT_RETURN_TYPE = YES_ERROR;
				GCC_WARN_UNDECLARED_SELECTOR = YES;
				GCC_WARN_UNINITIALIZED_AUTOS = YES_AGGRESSIVE;
				GCC_WARN_UNUSED_FUNCTION = YES;
				GCC_WARN_UNUSED_VARIABLE = YES;
				IPHONEOS_DEPLOYMENT_TARGET = 14.0;
				MTL_ENABLE_DEBUG_INFO = INCLUDE_SOURCE;
				MTL_FAST_MATH = YES;
				ONLY_ACTIVE_ARCH = YES;
				SDKROOT = iphoneos;
				SWIFT_ACTIVE_COMPILATION_CONDITIONS = DEBUG;
				SWIFT_OPTIMIZATION_LEVEL = "-Onone";
			};
			name = Debug;
		};
		6C28F2EC2A06277B0096E4CF /* Release */ = {
			isa = XCBuildConfiguration;
			buildSettings = {
				ALWAYS_SEARCH_USER_PATHS = NO;
				CLANG_ANALYZER_NONNULL = YES;
				CLANG_ANALYZER_NUMBER_OBJECT_CONVERSION = YES_AGGRESSIVE;
				CLANG_CXX_LANGUAGE_STANDARD = "gnu++20";
				CLANG_ENABLE_MODULES = YES;
				CLANG_ENABLE_OBJC_ARC = YES;
				CLANG_ENABLE_OBJC_WEAK = YES;
				CLANG_WARN_BLOCK_CAPTURE_AUTORELEASING = YES;
				CLANG_WARN_BOOL_CONVERSION = YES;
				CLANG_WARN_COMMA = YES;
				CLANG_WARN_CONSTANT_CONVERSION = YES;
				CLANG_WARN_DEPRECATED_OBJC_IMPLEMENTATIONS = YES;
				CLANG_WARN_DIRECT_OBJC_ISA_USAGE = YES_ERROR;
				CLANG_WARN_DOCUMENTATION_COMMENTS = YES;
				CLANG_WARN_EMPTY_BODY = YES;
				CLANG_WARN_ENUM_CONVERSION = YES;
				CLANG_WARN_INFINITE_RECURSION = YES;
				CLANG_WARN_INT_CONVERSION = YES;
				CLANG_WARN_NON_LITERAL_NULL_CONVERSION = YES;
				CLANG_WARN_OBJC_IMPLICIT_RETAIN_SELF = YES;
				CLANG_WARN_OBJC_LITERAL_CONVERSION = YES;
				CLANG_WARN_OBJC_ROOT_CLASS = YES_ERROR;
				CLANG_WARN_QUOTED_INCLUDE_IN_FRAMEWORK_HEADER = YES;
				CLANG_WARN_RANGE_LOOP_ANALYSIS = YES;
				CLANG_WARN_STRICT_PROTOTYPES = YES;
				CLANG_WARN_SUSPICIOUS_MOVE = YES;
				CLANG_WARN_UNGUARDED_AVAILABILITY = YES_AGGRESSIVE;
				CLANG_WARN_UNREACHABLE_CODE = YES;
				CLANG_WARN__DUPLICATE_METHOD_MATCH = YES;
				COPY_PHASE_STRIP = NO;
				DEBUG_INFORMATION_FORMAT = "dwarf-with-dsym";
				ENABLE_NS_ASSERTIONS = NO;
				ENABLE_STRICT_OBJC_MSGSEND = YES;
				GCC_C_LANGUAGE_STANDARD = gnu11;
				GCC_NO_COMMON_BLOCKS = YES;
				GCC_WARN_64_TO_32_BIT_CONVERSION = YES;
				GCC_WARN_ABOUT_RETURN_TYPE = YES_ERROR;
				GCC_WARN_UNDECLARED_SELECTOR = YES;
				GCC_WARN_UNINITIALIZED_AUTOS = YES_AGGRESSIVE;
				GCC_WARN_UNUSED_FUNCTION = YES;
				GCC_WARN_UNUSED_VARIABLE = YES;
				IPHONEOS_DEPLOYMENT_TARGET = 14.0;
				MTL_ENABLE_DEBUG_INFO = NO;
				MTL_FAST_MATH = YES;
				SDKROOT = iphoneos;
				SWIFT_COMPILATION_MODE = wholemodule;
				SWIFT_OPTIMIZATION_LEVEL = "-O";
				VALIDATE_PRODUCT = YES;
			};
			name = Release;
		};
		6C28F2EE2A06277B0096E4CF /* Debug */ = {
			isa = XCBuildConfiguration;
			buildSettings = {
				ASSETCATALOG_COMPILER_APPICON_NAME = AppIcon;
				ASSETCATALOG_COMPILER_GLOBAL_ACCENT_COLOR_NAME = AccentColor;
				CODE_SIGN_STYLE = Automatic;
				CURRENT_PROJECT_VERSION = 1;
				DEVELOPMENT_ASSET_PATHS = "\"ToDoList/Preview Content\"";
				DEVELOPMENT_TEAM = 9P99WW9DYH;
				ENABLE_PREVIEWS = YES;
				GENERATE_INFOPLIST_FILE = YES;
				INFOPLIST_KEY_CFBundleDisplayName = "To Do List";
				INFOPLIST_KEY_UIApplicationSceneManifest_Generation = YES;
				INFOPLIST_KEY_UIApplicationSupportsIndirectInputEvents = YES;
				INFOPLIST_KEY_UILaunchScreen_Generation = YES;
				INFOPLIST_KEY_UISupportedInterfaceOrientations = UIInterfaceOrientationPortrait;
				IPHONEOS_DEPLOYMENT_TARGET = 15.0;
				LD_RUNPATH_SEARCH_PATHS = (
					"$(inherited)",
					"@executable_path/Frameworks",
				);
				MARKETING_VERSION = 1.0;
				PRODUCT_BUNDLE_IDENTIFIER = startyond.ToDoList;
				PRODUCT_NAME = "$(TARGET_NAME)";
				SWIFT_EMIT_LOC_STRINGS = YES;
				SWIFT_VERSION = 5.0;
				TARGETED_DEVICE_FAMILY = "1,2";
			};
			name = Debug;
		};
		6C28F2EF2A06277B0096E4CF /* Release */ = {
			isa = XCBuildConfiguration;
			buildSettings = {
				ASSETCATALOG_COMPILER_APPICON_NAME = AppIcon;
				ASSETCATALOG_COMPILER_GLOBAL_ACCENT_COLOR_NAME = AccentColor;
				CODE_SIGN_STYLE = Automatic;
				CURRENT_PROJECT_VERSION = 1;
				DEVELOPMENT_ASSET_PATHS = "\"ToDoList/Preview Content\"";
				DEVELOPMENT_TEAM = 9P99WW9DYH;
				ENABLE_PREVIEWS = YES;
				GENERATE_INFOPLIST_FILE = YES;
				INFOPLIST_KEY_CFBundleDisplayName = "To Do List";
				INFOPLIST_KEY_UIApplicationSceneManifest_Generation = YES;
				INFOPLIST_KEY_UIApplicationSupportsIndirectInputEvents = YES;
				INFOPLIST_KEY_UILaunchScreen_Generation = YES;
				INFOPLIST_KEY_UISupportedInterfaceOrientations = UIInterfaceOrientationPortrait;
				IPHONEOS_DEPLOYMENT_TARGET = 15.0;
				LD_RUNPATH_SEARCH_PATHS = (
					"$(inherited)",
					"@executable_path/Frameworks",
				);
				MARKETING_VERSION = 1.0;
				PRODUCT_BUNDLE_IDENTIFIER = startyond.ToDoList;
				PRODUCT_NAME = "$(TARGET_NAME)";
				SWIFT_EMIT_LOC_STRINGS = YES;
				SWIFT_VERSION = 5.0;
				TARGETED_DEVICE_FAMILY = "1,2";
			};
			name = Release;
		};
/* End XCBuildConfiguration section */

/* Begin XCConfigurationList section */
		6C28F2DA2A0627790096E4CF /* Build configuration list for PBXProject "ToDoList" */ = {
			isa = XCConfigurationList;
			buildConfigurations = (
				6C28F2EB2A06277B0096E4CF /* Debug */,
				6C28F2EC2A06277B0096E4CF /* Release */,
			);
			defaultConfigurationIsVisible = 0;
			defaultConfigurationName = Release;
		};
		6C28F2ED2A06277B0096E4CF /* Build configuration list for PBXNativeTarget "ToDoList" */ = {
			isa = XCConfigurationList;
			buildConfigurations = (
				6C28F2EE2A06277B0096E4CF /* Debug */,
				6C28F2EF2A06277B0096E4CF /* Release */,
			);
			defaultConfigurationIsVisible = 0;
			defaultConfigurationName = Release;
		};
/* End XCConfigurationList section */

/* Begin XCRemoteSwiftPackageReference section */
		6C28F2F02A0629440096E4CF /* XCRemoteSwiftPackageReference "firebase-ios-sdk" */ = {
			isa = XCRemoteSwiftPackageReference;
			repositoryURL = "https://github.com/firebase/firebase-ios-sdk";
			requirement = {
				kind = upToNextMajorVersion;
				minimumVersion = 10.0.0;
			};
		};
/* End XCRemoteSwiftPackageReference section */

/* Begin XCSwiftPackageProductDependency section */
		6C28F2F12A0629440096E4CF /* FirebaseAuth */ = {
			isa = XCSwiftPackageProductDependency;
			package = 6C28F2F02A0629440096E4CF /* XCRemoteSwiftPackageReference "firebase-ios-sdk" */;
			productName = FirebaseAuth;
		};
		6C28F2F32A0629440096E4CF /* FirebaseFirestore */ = {
			isa = XCSwiftPackageProductDependency;
			package = 6C28F2F02A0629440096E4CF /* XCRemoteSwiftPackageReference "firebase-ios-sdk" */;
			productName = FirebaseFirestore;
		};
		6C28F2F52A0629440096E4CF /* FirebaseFirestoreSwift */ = {
			isa = XCSwiftPackageProductDependency;
			package = 6C28F2F02A0629440096E4CF /* XCRemoteSwiftPackageReference "firebase-ios-sdk" */;
			productName = FirebaseFirestoreSwift;
		};
/* End XCSwiftPackageProductDependency section */
	};
	rootObject = 6C28F2D72A0627790096E4CF /* Project object */;
}
